
Microsoft Visual Studio Solution File, Format Version 12.00
# Visual Studio 15
VisualStudioVersion = 15.0.27130.2010
MinimumVisualStudioVersion = 10.0.40219.1
Project("{FAE04EC0-301F-11D3-BF4B-00C04F79EFBC}") = "Csharp-project", "Csharp-project\Csharp-project.csproj", "{BD609B05-E6F0-4FA7-8ADA-A1585301073A}"
EndProject
Global
	GlobalSection(SolutionConfigurationPlatforms) = preSolution
		Debug|Any CPU = Debug|Any CPU
		Release|Any CPU = Release|Any CPU
	EndGlobalSection
	GlobalSection(ProjectConfigurationPlatforms) = postSolution
		{BD609B05-E6F0-4FA7-8ADA-A1585301073A}.Debug|Any CPU.ActiveCfg = Debug|Any CPU
		{BD609B05-E6F0-4FA7-8ADA-A1585301073A}.Debug|Any CPU.Build.0 = Debug|Any CPU
		{BD609B05-E6F0-4FA7-8ADA-A1585301073A}.Release|Any CPU.ActiveCfg = Release|Any CPU
		{BD609B05-E6F0-4FA7-8ADA-A1585301073A}.Release|Any CPU.Build.0 = Release|Any CPU
	EndGlobalSection
	GlobalSection(SolutionProperties) = preSolution
		HideSolutionNode = FALSE
	EndGlobalSection
	GlobalSection(ExtensibilityGlobals) = postSolution
		SolutionGuid = {2B4C254F-DFF3-47FA-A448-1F5A05C3EDB3}
	EndGlobalSection
EndGlobal
